// !$*UTF8*$!
{
	archiveVersion = 1;
	classes = {
	};
	objectVersion = 46;
	objects = {

/* Begin PBXBuildFile section */
		1472F0BB18861C3E0010A92A /* Foundation.framework in Frameworks */ = {isa = PBXBuildFile; fileRef = 1472F0BA18861C3E0010A92A /* Foundation.framework */; };
		1472F0BD18861C3E0010A92A /* CoreGraphics.framework in Frameworks */ = {isa = PBXBuildFile; fileRef = 1472F0BC18861C3E0010A92A /* CoreGraphics.framework */; };
		1472F0BF18861C3E0010A92A /* UIKit.framework in Frameworks */ = {isa = PBXBuildFile; fileRef = 1472F0BE18861C3E0010A92A /* UIKit.framework */; };
		1472F0C518861C3E0010A92A /* InfoPlist.strings in Resources */ = {isa = PBXBuildFile; fileRef = 1472F0C318861C3E0010A92A /* InfoPlist.strings */; };
		1472F0C718861C3E0010A92A /* main.m in Sources */ = {isa = PBXBuildFile; fileRef = 1472F0C618861C3E0010A92A /* main.m */; };
		1472F0CB18861C3E0010A92A /* STKAppDelegate.m in Sources */ = {isa = PBXBuildFile; fileRef = 1472F0CA18861C3E0010A92A /* STKAppDelegate.m */; };
		1472F0CE18861C3E0010A92A /* Main.storyboard in Resources */ = {isa = PBXBuildFile; fileRef = 1472F0CC18861C3E0010A92A /* Main.storyboard */; };
		1472F0D118861C3E0010A92A /* STKViewController.m in Sources */ = {isa = PBXBuildFile; fileRef = 1472F0D018861C3E0010A92A /* STKViewController.m */; };
		1472F0D318861C3E0010A92A /* Images.xcassets in Resources */ = {isa = PBXBuildFile; fileRef = 1472F0D218861C3E0010A92A /* Images.xcassets */; };
		1472F0DA18861C3E0010A92A /* XCTest.framework in Frameworks */ = {isa = PBXBuildFile; fileRef = 1472F0D918861C3E0010A92A /* XCTest.framework */; };
		1472F0DB18861C3E0010A92A /* Foundation.framework in Frameworks */ = {isa = PBXBuildFile; fileRef = 1472F0BA18861C3E0010A92A /* Foundation.framework */; };
		1472F0DC18861C3E0010A92A /* UIKit.framework in Frameworks */ = {isa = PBXBuildFile; fileRef = 1472F0BE18861C3E0010A92A /* UIKit.framework */; };
		1472F0E418861C3E0010A92A /* InfoPlist.strings in Resources */ = {isa = PBXBuildFile; fileRef = 1472F0E218861C3E0010A92A /* InfoPlist.strings */; };
		1472F0E618861C3E0010A92A /* StickieTests.m in Sources */ = {isa = PBXBuildFile; fileRef = 1472F0E518861C3E0010A92A /* StickieTests.m */; };
		1472F10018862A370010A92A /* AlbumContentsViewController.m in Sources */ = {isa = PBXBuildFile; fileRef = 1472F0F118862A370010A92A /* AlbumContentsViewController.m */; };
		1472F10118862A370010A92A /* AssetsDataIsInaccessibleViewController.m in Sources */ = {isa = PBXBuildFile; fileRef = 1472F0F318862A370010A92A /* AssetsDataIsInaccessibleViewController.m */; };
		1472F10218862A370010A92A /* ImageScrollView.m in Sources */ = {isa = PBXBuildFile; fileRef = 1472F0F518862A370010A92A /* ImageScrollView.m */; };
		1472F10318862A370010A92A /* MyImagePickerAppDelegate.m in Sources */ = {isa = PBXBuildFile; fileRef = 1472F0F718862A370010A92A /* MyImagePickerAppDelegate.m */; };
		1472F10418862A370010A92A /* MyPageViewController.m in Sources */ = {isa = PBXBuildFile; fileRef = 1472F0F918862A370010A92A /* MyPageViewController.m */; };
		1472F10518862A370010A92A /* PageViewControllerData.m in Sources */ = {isa = PBXBuildFile; fileRef = 1472F0FB18862A370010A92A /* PageViewControllerData.m */; };
		1472F10618862A370010A92A /* PhotoViewController.m in Sources */ = {isa = PBXBuildFile; fileRef = 1472F0FD18862A370010A92A /* PhotoViewController.m */; };
		1472F10718862A370010A92A /* RootViewController.m in Sources */ = {isa = PBXBuildFile; fileRef = 1472F0FF18862A370010A92A /* RootViewController.m */; };
/* End PBXBuildFile section */

/* Begin PBXContainerItemProxy section */
		1472F0DD18861C3E0010A92A /* PBXContainerItemProxy */ = {
			isa = PBXContainerItemProxy;
			containerPortal = 1472F0AF18861C3E0010A92A /* Project object */;
			proxyType = 1;
			remoteGlobalIDString = 1472F0B618861C3E0010A92A;
			remoteInfo = Stickie;
		};
/* End PBXContainerItemProxy section */

/* Begin PBXFileReference section */
		1472F0B718861C3E0010A92A /* Stickie.app */ = {isa = PBXFileReference; explicitFileType = wrapper.application; includeInIndex = 0; path = Stickie.app; sourceTree = BUILT_PRODUCTS_DIR; };
		1472F0BA18861C3E0010A92A /* Foundation.framework */ = {isa = PBXFileReference; lastKnownFileType = wrapper.framework; name = Foundation.framework; path = System/Library/Frameworks/Foundation.framework; sourceTree = SDKROOT; };
		1472F0BC18861C3E0010A92A /* CoreGraphics.framework */ = {isa = PBXFileReference; lastKnownFileType = wrapper.framework; name = CoreGraphics.framework; path = System/Library/Frameworks/CoreGraphics.framework; sourceTree = SDKROOT; };
		1472F0BE18861C3E0010A92A /* UIKit.framework */ = {isa = PBXFileReference; lastKnownFileType = wrapper.framework; name = UIKit.framework; path = System/Library/Frameworks/UIKit.framework; sourceTree = SDKROOT; };
		1472F0C218861C3E0010A92A /* Stickie-Info.plist */ = {isa = PBXFileReference; lastKnownFileType = text.plist.xml; path = "Stickie-Info.plist"; sourceTree = "<group>"; };
		1472F0C418861C3E0010A92A /* en */ = {isa = PBXFileReference; lastKnownFileType = text.plist.strings; name = en; path = en.lproj/InfoPlist.strings; sourceTree = "<group>"; };
		1472F0C618861C3E0010A92A /* main.m */ = {isa = PBXFileReference; lastKnownFileType = sourcecode.c.objc; path = main.m; sourceTree = "<group>"; };
		1472F0C818861C3E0010A92A /* Stickie-Prefix.pch */ = {isa = PBXFileReference; lastKnownFileType = sourcecode.c.h; path = "Stickie-Prefix.pch"; sourceTree = "<group>"; };
		1472F0C918861C3E0010A92A /* STKAppDelegate.h */ = {isa = PBXFileReference; lastKnownFileType = sourcecode.c.h; path = STKAppDelegate.h; sourceTree = "<group>"; };
		1472F0CA18861C3E0010A92A /* STKAppDelegate.m */ = {isa = PBXFileReference; lastKnownFileType = sourcecode.c.objc; path = STKAppDelegate.m; sourceTree = "<group>"; };
		1472F0CD18861C3E0010A92A /* Base */ = {isa = PBXFileReference; lastKnownFileType = file.storyboard; name = Base; path = Base.lproj/Main.storyboard; sourceTree = "<group>"; };
		1472F0CF18861C3E0010A92A /* STKViewController.h */ = {isa = PBXFileReference; lastKnownFileType = sourcecode.c.h; path = STKViewController.h; sourceTree = "<group>"; };
		1472F0D018861C3E0010A92A /* STKViewController.m */ = {isa = PBXFileReference; lastKnownFileType = sourcecode.c.objc; path = STKViewController.m; sourceTree = "<group>"; };
		1472F0D218861C3E0010A92A /* Images.xcassets */ = {isa = PBXFileReference; lastKnownFileType = folder.assetcatalog; path = Images.xcassets; sourceTree = "<group>"; };
		1472F0D818861C3E0010A92A /* StickieTests.xctest */ = {isa = PBXFileReference; explicitFileType = wrapper.cfbundle; includeInIndex = 0; path = StickieTests.xctest; sourceTree = BUILT_PRODUCTS_DIR; };
		1472F0D918861C3E0010A92A /* XCTest.framework */ = {isa = PBXFileReference; lastKnownFileType = wrapper.framework; name = XCTest.framework; path = Library/Frameworks/XCTest.framework; sourceTree = DEVELOPER_DIR; };
		1472F0E118861C3E0010A92A /* StickieTests-Info.plist */ = {isa = PBXFileReference; lastKnownFileType = text.plist.xml; path = "StickieTests-Info.plist"; sourceTree = "<group>"; };
		1472F0E318861C3E0010A92A /* en */ = {isa = PBXFileReference; lastKnownFileType = text.plist.strings; name = en; path = en.lproj/InfoPlist.strings; sourceTree = "<group>"; };
		1472F0E518861C3E0010A92A /* StickieTests.m */ = {isa = PBXFileReference; lastKnownFileType = sourcecode.c.objc; path = StickieTests.m; sourceTree = "<group>"; };
		1472F0F018862A370010A92A /* AlbumContentsViewController.h */ = {isa = PBXFileReference; fileEncoding = 4; lastKnownFileType = sourcecode.c.h; path = AlbumContentsViewController.h; sourceTree = "<group>"; };
		1472F0F118862A370010A92A /* AlbumContentsViewController.m */ = {isa = PBXFileReference; fileEncoding = 4; lastKnownFileType = sourcecode.c.objc; path = AlbumContentsViewController.m; sourceTree = "<group>"; };
		1472F0F218862A370010A92A /* AssetsDataIsInaccessibleViewController.h */ = {isa = PBXFileReference; fileEncoding = 4; lastKnownFileType = sourcecode.c.h; path = AssetsDataIsInaccessibleViewController.h; sourceTree = "<group>"; };
		1472F0F318862A370010A92A /* AssetsDataIsInaccessibleViewController.m */ = {isa = PBXFileReference; fileEncoding = 4; lastKnownFileType = sourcecode.c.objc; path = AssetsDataIsInaccessibleViewController.m; sourceTree = "<group>"; };
		1472F0F418862A370010A92A /* ImageScrollView.h */ = {isa = PBXFileReference; fileEncoding = 4; lastKnownFileType = sourcecode.c.h; path = ImageScrollView.h; sourceTree = "<group>"; };
		1472F0F518862A370010A92A /* ImageScrollView.m */ = {isa = PBXFileReference; fileEncoding = 4; lastKnownFileType = sourcecode.c.objc; path = ImageScrollView.m; sourceTree = "<group>"; };
		1472F0F618862A370010A92A /* MyImagePickerAppDelegate.h */ = {isa = PBXFileReference; fileEncoding = 4; lastKnownFileType = sourcecode.c.h; path = MyImagePickerAppDelegate.h; sourceTree = "<group>"; };
		1472F0F718862A370010A92A /* MyImagePickerAppDelegate.m */ = {isa = PBXFileReference; fileEncoding = 4; lastKnownFileType = sourcecode.c.objc; path = MyImagePickerAppDelegate.m; sourceTree = "<group>"; };
		1472F0F818862A370010A92A /* MyPageViewController.h */ = {isa = PBXFileReference; fileEncoding = 4; lastKnownFileType = sourcecode.c.h; path = MyPageViewController.h; sourceTree = "<group>"; };
		1472F0F918862A370010A92A /* MyPageViewController.m */ = {isa = PBXFileReference; fileEncoding = 4; lastKnownFileType = sourcecode.c.objc; path = MyPageViewController.m; sourceTree = "<group>"; };
		1472F0FA18862A370010A92A /* PageViewControllerData.h */ = {isa = PBXFileReference; fileEncoding = 4; lastKnownFileType = sourcecode.c.h; path = PageViewControllerData.h; sourceTree = "<group>"; };
		1472F0FB18862A370010A92A /* PageViewControllerData.m */ = {isa = PBXFileReference; fileEncoding = 4; lastKnownFileType = sourcecode.c.objc; path = PageViewControllerData.m; sourceTree = "<group>"; };
		1472F0FC18862A370010A92A /* PhotoViewController.h */ = {isa = PBXFileReference; fileEncoding = 4; lastKnownFileType = sourcecode.c.h; path = PhotoViewController.h; sourceTree = "<group>"; };
		1472F0FD18862A370010A92A /* PhotoViewController.m */ = {isa = PBXFileReference; fileEncoding = 4; lastKnownFileType = sourcecode.c.objc; path = PhotoViewController.m; sourceTree = "<group>"; };
		1472F0FE18862A370010A92A /* RootViewController.h */ = {isa = PBXFileReference; fileEncoding = 4; lastKnownFileType = sourcecode.c.h; path = RootViewController.h; sourceTree = "<group>"; };
		1472F0FF18862A370010A92A /* RootViewController.m */ = {isa = PBXFileReference; fileEncoding = 4; lastKnownFileType = sourcecode.c.objc; path = RootViewController.m; sourceTree = "<group>"; };
/* End PBXFileReference section */

/* Begin PBXFrameworksBuildPhase section */
		1472F0B418861C3E0010A92A /* Frameworks */ = {
			isa = PBXFrameworksBuildPhase;
			buildActionMask = 2147483647;
			files = (
				1472F0BD18861C3E0010A92A /* CoreGraphics.framework in Frameworks */,
				1472F0BF18861C3E0010A92A /* UIKit.framework in Frameworks */,
				1472F0BB18861C3E0010A92A /* Foundation.framework in Frameworks */,
			);
			runOnlyForDeploymentPostprocessing = 0;
		};
		1472F0D518861C3E0010A92A /* Frameworks */ = {
			isa = PBXFrameworksBuildPhase;
			buildActionMask = 2147483647;
			files = (
				1472F0DA18861C3E0010A92A /* XCTest.framework in Frameworks */,
				1472F0DC18861C3E0010A92A /* UIKit.framework in Frameworks */,
				1472F0DB18861C3E0010A92A /* Foundation.framework in Frameworks */,
			);
			runOnlyForDeploymentPostprocessing = 0;
		};
/* End PBXFrameworksBuildPhase section */

/* Begin PBXGroup section */
		1472F0AE18861C3E0010A92A = {
			isa = PBXGroup;
			children = (
				1472F0EF18862A370010A92A /* Classes */,
				1472F0C018861C3E0010A92A /* Stickie */,
				1472F0DF18861C3E0010A92A /* StickieTests */,
				1472F0B918861C3E0010A92A /* Frameworks */,
				1472F0B818861C3E0010A92A /* Products */,
			);
			sourceTree = "<group>";
		};
		1472F0B818861C3E0010A92A /* Products */ = {
			isa = PBXGroup;
			children = (
				1472F0B718861C3E0010A92A /* Stickie.app */,
				1472F0D818861C3E0010A92A /* StickieTests.xctest */,
			);
			name = Products;
			sourceTree = "<group>";
		};
		1472F0B918861C3E0010A92A /* Frameworks */ = {
			isa = PBXGroup;
			children = (
				1472F0BA18861C3E0010A92A /* Foundation.framework */,
				1472F0BC18861C3E0010A92A /* CoreGraphics.framework */,
				1472F0BE18861C3E0010A92A /* UIKit.framework */,
				1472F0D918861C3E0010A92A /* XCTest.framework */,
			);
			name = Frameworks;
			sourceTree = "<group>";
		};
		1472F0C018861C3E0010A92A /* Stickie */ = {
			isa = PBXGroup;
			children = (
				1472F0C918861C3E0010A92A /* STKAppDelegate.h */,
				1472F0CA18861C3E0010A92A /* STKAppDelegate.m */,
				1472F0CC18861C3E0010A92A /* Main.storyboard */,
				1472F0CF18861C3E0010A92A /* STKViewController.h */,
				1472F0D018861C3E0010A92A /* STKViewController.m */,
				1472F0D218861C3E0010A92A /* Images.xcassets */,
				1472F0C118861C3E0010A92A /* Supporting Files */,
			);
			path = Stickie;
			sourceTree = "<group>";
		};
		1472F0C118861C3E0010A92A /* Supporting Files */ = {
			isa = PBXGroup;
			children = (
				1472F0C218861C3E0010A92A /* Stickie-Info.plist */,
				1472F0C318861C3E0010A92A /* InfoPlist.strings */,
				1472F0C618861C3E0010A92A /* main.m */,
				1472F0C818861C3E0010A92A /* Stickie-Prefix.pch */,
			);
			name = "Supporting Files";
			sourceTree = "<group>";
		};
		1472F0DF18861C3E0010A92A /* StickieTests */ = {
			isa = PBXGroup;
			children = (
				1472F0E518861C3E0010A92A /* StickieTests.m */,
				1472F0E018861C3E0010A92A /* Supporting Files */,
			);
			path = StickieTests;
			sourceTree = "<group>";
		};
		1472F0E018861C3E0010A92A /* Supporting Files */ = {
			isa = PBXGroup;
			children = (
				1472F0E118861C3E0010A92A /* StickieTests-Info.plist */,
				1472F0E218861C3E0010A92A /* InfoPlist.strings */,
			);
			name = "Supporting Files";
			sourceTree = "<group>";
		};
		1472F0EF18862A370010A92A /* Classes */ = {
			isa = PBXGroup;
			children = (
				1472F0F018862A370010A92A /* AlbumContentsViewController.h */,
				1472F0F118862A370010A92A /* AlbumContentsViewController.m */,
				1472F0F218862A370010A92A /* AssetsDataIsInaccessibleViewController.h */,
				1472F0F318862A370010A92A /* AssetsDataIsInaccessibleViewController.m */,
				1472F0F418862A370010A92A /* ImageScrollView.h */,
				1472F0F518862A370010A92A /* ImageScrollView.m */,
				1472F0F618862A370010A92A /* MyImagePickerAppDelegate.h */,
				1472F0F718862A370010A92A /* MyImagePickerAppDelegate.m */,
				1472F0F818862A370010A92A /* MyPageViewController.h */,
				1472F0F918862A370010A92A /* MyPageViewController.m */,
				1472F0FA18862A370010A92A /* PageViewControllerData.h */,
				1472F0FB18862A370010A92A /* PageViewControllerData.m */,
				1472F0FC18862A370010A92A /* PhotoViewController.h */,
				1472F0FD18862A370010A92A /* PhotoViewController.m */,
				1472F0FE18862A370010A92A /* RootViewController.h */,
				1472F0FF18862A370010A92A /* RootViewController.m */,
			);
			path = Classes;
			sourceTree = "<group>";
		};
/* End PBXGroup section */

/* Begin PBXNativeTarget section */
		1472F0B618861C3E0010A92A /* Stickie */ = {
			isa = PBXNativeTarget;
			buildConfigurationList = 1472F0E918861C3E0010A92A /* Build configuration list for PBXNativeTarget "Stickie" */;
			buildPhases = (
				1472F0B318861C3E0010A92A /* Sources */,
				1472F0B418861C3E0010A92A /* Frameworks */,
				1472F0B518861C3E0010A92A /* Resources */,
			);
			buildRules = (
			);
			dependencies = (
			);
			name = Stickie;
			productName = Stickie;
			productReference = 1472F0B718861C3E0010A92A /* Stickie.app */;
			productType = "com.apple.product-type.application";
		};
		1472F0D718861C3E0010A92A /* StickieTests */ = {
			isa = PBXNativeTarget;
			buildConfigurationList = 1472F0EC18861C3E0010A92A /* Build configuration list for PBXNativeTarget "StickieTests" */;
			buildPhases = (
				1472F0D418861C3E0010A92A /* Sources */,
				1472F0D518861C3E0010A92A /* Frameworks */,
				1472F0D618861C3E0010A92A /* Resources */,
			);
			buildRules = (
			);
			dependencies = (
				1472F0DE18861C3E0010A92A /* PBXTargetDependency */,
			);
			name = StickieTests;
			productName = StickieTests;
			productReference = 1472F0D818861C3E0010A92A /* StickieTests.xctest */;
			productType = "com.apple.product-type.bundle.unit-test";
		};
/* End PBXNativeTarget section */

/* Begin PBXProject section */
		1472F0AF18861C3E0010A92A /* Project object */ = {
			isa = PBXProject;
			attributes = {
				CLASSPREFIX = STK;
				LastUpgradeCheck = 0500;
				ORGANIZATIONNAME = "Stephen Z";
				TargetAttributes = {
					1472F0D718861C3E0010A92A = {
						TestTargetID = 1472F0B618861C3E0010A92A;
					};
				};
			};
			buildConfigurationList = 1472F0B218861C3E0010A92A /* Build configuration list for PBXProject "Stickie" */;
			compatibilityVersion = "Xcode 3.2";
			developmentRegion = English;
			hasScannedForEncodings = 0;
			knownRegions = (
				en,
				Base,
			);
			mainGroup = 1472F0AE18861C3E0010A92A;
			productRefGroup = 1472F0B818861C3E0010A92A /* Products */;
			projectDirPath = "";
			projectRoot = "";
			targets = (
				1472F0B618861C3E0010A92A /* Stickie */,
				1472F0D718861C3E0010A92A /* StickieTests */,
			);
		};
/* End PBXProject section */

/* Begin PBXResourcesBuildPhase section */
		1472F0B518861C3E0010A92A /* Resources */ = {
			isa = PBXResourcesBuildPhase;
			buildActionMask = 2147483647;
			files = (
				1472F0D318861C3E0010A92A /* Images.xcassets in Resources */,
				1472F0C518861C3E0010A92A /* InfoPlist.strings in Resources */,
				1472F0CE18861C3E0010A92A /* Main.storyboard in Resources */,
			);
			runOnlyForDeploymentPostprocessing = 0;
		};
		1472F0D618861C3E0010A92A /* Resources */ = {
			isa = PBXResourcesBuildPhase;
			buildActionMask = 2147483647;
			files = (
				1472F0E418861C3E0010A92A /* InfoPlist.strings in Resources */,
			);
			runOnlyForDeploymentPostprocessing = 0;
		};
/* End PBXResourcesBuildPhase section */

/* Begin PBXSourcesBuildPhase section */
		1472F0B318861C3E0010A92A /* Sources */ = {
			isa = PBXSourcesBuildPhase;
			buildActionMask = 2147483647;
			files = (
				1472F0C718861C3E0010A92A /* main.m in Sources */,
				1472F10318862A370010A92A /* MyImagePickerAppDelegate.m in Sources */,
				1472F0CB18861C3E0010A92A /* STKAppDelegate.m in Sources */,
				1472F10518862A370010A92A /* PageViewControllerData.m in Sources */,
				1472F10418862A370010A92A /* MyPageViewController.m in Sources */,
				1472F10018862A370010A92A /* AlbumContentsViewController.m in Sources */,
				1472F10218862A370010A92A /* ImageScrollView.m in Sources */,
				1472F10718862A370010A92A /* RootViewController.m in Sources */,
				1472F10118862A370010A92A /* AssetsDataIsInaccessibleViewController.m in Sources */,
				1472F0D118861C3E0010A92A /* STKViewController.m in Sources */,
				1472F10618862A370010A92A /* PhotoViewController.m in Sources */,
			);
			runOnlyForDeploymentPostprocessing = 0;
		};
		1472F0D418861C3E0010A92A /* Sources */ = {
			isa = PBXSourcesBuildPhase;
			buildActionMask = 2147483647;
			files = (
				1472F0E618861C3E0010A92A /* StickieTests.m in Sources */,
			);
			runOnlyForDeploymentPostprocessing = 0;
		};
/* End PBXSourcesBuildPhase section */

/* Begin PBXTargetDependency section */
		1472F0DE18861C3E0010A92A /* PBXTargetDependency */ = {
			isa = PBXTargetDependency;
			target = 1472F0B618861C3E0010A92A /* Stickie */;
			targetProxy = 1472F0DD18861C3E0010A92A /* PBXContainerItemProxy */;
		};
/* End PBXTargetDependency section */

/* Begin PBXVariantGroup section */
		1472F0C318861C3E0010A92A /* InfoPlist.strings */ = {
			isa = PBXVariantGroup;
			children = (
				1472F0C418861C3E0010A92A /* en */,
			);
			name = InfoPlist.strings;
			sourceTree = "<group>";
		};
		1472F0CC18861C3E0010A92A /* Main.storyboard */ = {
			isa = PBXVariantGroup;
			children = (
				1472F0CD18861C3E0010A92A /* Base */,
			);
			name = Main.storyboard;
			sourceTree = "<group>";
		};
		1472F0E218861C3E0010A92A /* InfoPlist.strings */ = {
			isa = PBXVariantGroup;
			children = (
				1472F0E318861C3E0010A92A /* en */,
			);
			name = InfoPlist.strings;
			sourceTree = "<group>";
		};
/* End PBXVariantGroup section */

/* Begin XCBuildConfiguration section */
		1472F0E718861C3E0010A92A /* Debug */ = {
			isa = XCBuildConfiguration;
			buildSettings = {
				ALWAYS_SEARCH_USER_PATHS = NO;
				ARCHS = "$(ARCHS_STANDARD_INCLUDING_64_BIT)";
				CLANG_CXX_LANGUAGE_STANDARD = "gnu++0x";
				CLANG_CXX_LIBRARY = "libc++";
				CLANG_ENABLE_MODULES = YES;
				CLANG_ENABLE_OBJC_ARC = YES;
				CLANG_WARN_BOOL_CONVERSION = YES;
				CLANG_WARN_CONSTANT_CONVERSION = YES;
				CLANG_WARN_DIRECT_OBJC_ISA_USAGE = YES_ERROR;
				CLANG_WARN_EMPTY_BODY = YES;
				CLANG_WARN_ENUM_CONVERSION = YES;
				CLANG_WARN_INT_CONVERSION = YES;
				CLANG_WARN_OBJC_ROOT_CLASS = YES_ERROR;
				CLANG_WARN__DUPLICATE_METHOD_MATCH = YES;
				"CODE_SIGN_IDENTITY[sdk=iphoneos*]" = "iPhone Developer";
				COPY_PHASE_STRIP = NO;
				GCC_C_LANGUAGE_STANDARD = gnu99;
				GCC_DYNAMIC_NO_PIC = NO;
				GCC_OPTIMIZATION_LEVEL = 0;
				GCC_PREPROCESSOR_DEFINITIONS = (
					"DEBUG=1",
					"$(inherited)",
				);
				GCC_SYMBOLS_PRIVATE_EXTERN = NO;
				GCC_WARN_64_TO_32_BIT_CONVERSION = YES;
				GCC_WARN_ABOUT_RETURN_TYPE = YES_ERROR;
				GCC_WARN_UNDECLARED_SELECTOR = YES;
				GCC_WARN_UNINITIALIZED_AUTOS = YES;
				GCC_WARN_UNUSED_FUNCTION = YES;
				GCC_WARN_UNUSED_VARIABLE = YES;
				IPHONEOS_DEPLOYMENT_TARGET = 7.0;
				ONLY_ACTIVE_ARCH = YES;
				SDKROOT = iphoneos;
			};
			name = Debug;
		};
		1472F0E818861C3E0010A92A /* Release */ = {
			isa = XCBuildConfiguration;
			buildSettings = {
				ALWAYS_SEARCH_USER_PATHS = NO;
				ARCHS = "$(ARCHS_STANDARD_INCLUDING_64_BIT)";
				CLANG_CXX_LANGUAGE_STANDARD = "gnu++0x";
				CLANG_CXX_LIBRARY = "libc++";
				CLANG_ENABLE_MODULES = YES;
				CLANG_ENABLE_OBJC_ARC = YES;
				CLANG_WARN_BOOL_CONVERSION = YES;
				CLANG_WARN_CONSTANT_CONVERSION = YES;
				CLANG_WARN_DIRECT_OBJC_ISA_USAGE = YES_ERROR;
				CLANG_WARN_EMPTY_BODY = YES;
				CLANG_WARN_ENUM_CONVERSION = YES;
				CLANG_WARN_INT_CONVERSION = YES;
				CLANG_WARN_OBJC_ROOT_CLASS = YES_ERROR;
				CLANG_WARN__DUPLICATE_METHOD_MATCH = YES;
				"CODE_SIGN_IDENTITY[sdk=iphoneos*]" = "iPhone Developer";
				COPY_PHASE_STRIP = YES;
				ENABLE_NS_ASSERTIONS = NO;
				GCC_C_LANGUAGE_STANDARD = gnu99;
				GCC_WARN_64_TO_32_BIT_CONVERSION = YES;
				GCC_WARN_ABOUT_RETURN_TYPE = YES_ERROR;
				GCC_WARN_UNDECLARED_SELECTOR = YES;
				GCC_WARN_UNINITIALIZED_AUTOS = YES;
				GCC_WARN_UNUSED_FUNCTION = YES;
				GCC_WARN_UNUSED_VARIABLE = YES;
				IPHONEOS_DEPLOYMENT_TARGET = 7.0;
				SDKROOT = iphoneos;
				VALIDATE_PRODUCT = YES;
			};
			name = Release;
		};
		1472F0EA18861C3E0010A92A /* Debug */ = {
			isa = XCBuildConfiguration;
			buildSettings = {
				ASSETCATALOG_COMPILER_APPICON_NAME = AppIcon;
				ASSETCATALOG_COMPILER_LAUNCHIMAGE_NAME = LaunchImage;
				GCC_PRECOMPILE_PREFIX_HEADER = YES;
				GCC_PREFIX_HEADER = "Stickie/Stickie-Prefix.pch";
				INFOPLIST_FILE = "Stickie/Stickie-Info.plist";
				PRODUCT_NAME = "$(TARGET_NAME)";
				WRAPPER_EXTENSION = app;
			};
			name = Debug;
		};
		1472F0EB18861C3E0010A92A /* Release */ = {
			isa = XCBuildConfiguration;
			buildSettings = {
				ASSETCATALOG_COMPILER_APPICON_NAME = AppIcon;
				ASSETCATALOG_COMPILER_LAUNCHIMAGE_NAME = LaunchImage;
				GCC_PRECOMPILE_PREFIX_HEADER = YES;
				GCC_PREFIX_HEADER = "Stickie/Stickie-Prefix.pch";
				INFOPLIST_FILE = "Stickie/Stickie-Info.plist";
				PRODUCT_NAME = "$(TARGET_NAME)";
				WRAPPER_EXTENSION = app;
			};
			name = Release;
		};
		1472F0ED18861C3E0010A92A /* Debug */ = {
			isa = XCBuildConfiguration;
			buildSettings = {
				ARCHS = "$(ARCHS_STANDARD_INCLUDING_64_BIT)";
				BUNDLE_LOADER = "$(BUILT_PRODUCTS_DIR)/Stickie.app/Stickie";
				FRAMEWORK_SEARCH_PATHS = (
					"$(SDKROOT)/Developer/Library/Frameworks",
					"$(inherited)",
					"$(DEVELOPER_FRAMEWORKS_DIR)",
				);
				GCC_PRECOMPILE_PREFIX_HEADER = YES;
				GCC_PREFIX_HEADER = "Stickie/Stickie-Prefix.pch";
				GCC_PREPROCESSOR_DEFINITIONS = (
					"DEBUG=1",
					"$(inherited)",
				);
				INFOPLIST_FILE = "StickieTests/StickieTests-Info.plist";
				PRODUCT_NAME = "$(TARGET_NAME)";
				TEST_HOST = "$(BUNDLE_LOADER)";
				WRAPPER_EXTENSION = xctest;
			};
			name = Debug;
		};
		1472F0EE18861C3E0010A92A /* Release */ = {
			isa = XCBuildConfiguration;
			buildSettings = {
				ARCHS = "$(ARCHS_STANDARD_INCLUDING_64_BIT)";
				BUNDLE_LOADER = "$(BUILT_PRODUCTS_DIR)/Stickie.app/Stickie";
				FRAMEWORK_SEARCH_PATHS = (
					"$(SDKROOT)/Developer/Library/Frameworks",
					"$(inherited)",
					"$(DEVELOPER_FRAMEWORKS_DIR)",
				);
				GCC_PRECOMPILE_PREFIX_HEADER = YES;
				GCC_PREFIX_HEADER = "Stickie/Stickie-Prefix.pch";
				INFOPLIST_FILE = "StickieTests/StickieTests-Info.plist";
				PRODUCT_NAME = "$(TARGET_NAME)";
				TEST_HOST = "$(BUNDLE_LOADER)";
				WRAPPER_EXTENSION = xctest;
			};
			name = Release;
		};
/* End XCBuildConfiguration section */

/* Begin XCConfigurationList section */
		1472F0B218861C3E0010A92A /* Build configuration list for PBXProject "Stickie" */ = {
			isa = XCConfigurationList;
			buildConfigurations = (
				1472F0E718861C3E0010A92A /* Debug */,
				1472F0E818861C3E0010A92A /* Release */,
			);
			defaultConfigurationIsVisible = 0;
			defaultConfigurationName = Release;
		};
		1472F0E918861C3E0010A92A /* Build configuration list for PBXNativeTarget "Stickie" */ = {
			isa = XCConfigurationList;
			buildConfigurations = (
				1472F0EA18861C3E0010A92A /* Debug */,
				1472F0EB18861C3E0010A92A /* Release */,
			);
			defaultConfigurationIsVisible = 0;
			defaultConfigurationName = Release;
		};
		1472F0EC18861C3E0010A92A /* Build configuration list for PBXNativeTarget "StickieTests" */ = {
			isa = XCConfigurationList;
			buildConfigurations = (
				1472F0ED18861C3E0010A92A /* Debug */,
				1472F0EE18861C3E0010A92A /* Release */,
			);
			defaultConfigurationIsVisible = 0;
			defaultConfigurationName = Release;
		};
/* End XCConfigurationList section */
	};
	rootObject = 1472F0AF18861C3E0010A92A /* Project object */;
}
